
Microsoft Visual Studio Solution File, Format Version 12.00
# Visual Studio Version 16
VisualStudioVersion = 16.0.30114.105
MinimumVisualStudioVersion = 10.0.40219.1
Project("{FAE04EC0-301F-11D3-BF4B-00C04F79EFBC}") = "Host", "Host\Host.csproj", "{D8664C89-CE5E-48D9-94A1-04562B4E5AC7}"
EndProject
Project("{FAE04EC0-301F-11D3-BF4B-00C04F79EFBC}") = "GameService", "GameService\GameService.csproj", "{5FAD694E-26DE-4CEC-BD99-28D53C201070}"
EndProject
Global
	GlobalSection(SolutionConfigurationPlatforms) = preSolution
		Debug|Any CPU = Debug|Any CPU
		Release|Any CPU = Release|Any CPU
	EndGlobalSection
	GlobalSection(ProjectConfigurationPlatforms) = postSolution
		{D8664C89-CE5E-48D9-94A1-04562B4E5AC7}.Debug|Any CPU.ActiveCfg = Debug|Any CPU
		{D8664C89-CE5E-48D9-94A1-04562B4E5AC7}.Debug|Any CPU.Build.0 = Debug|Any CPU
		{D8664C89-CE5E-48D9-94A1-04562B4E5AC7}.Release|Any CPU.ActiveCfg = Release|Any CPU
		{D8664C89-CE5E-48D9-94A1-04562B4E5AC7}.Release|Any CPU.Build.0 = Release|Any CPU
		{5FAD694E-26DE-4CEC-BD99-28D53C201070}.Debug|Any CPU.ActiveCfg = Debug|Any CPU
		{5FAD694E-26DE-4CEC-BD99-28D53C201070}.Debug|Any CPU.Build.0 = Debug|Any CPU
		{5FAD694E-26DE-4CEC-BD99-28D53C201070}.Release|Any CPU.ActiveCfg = Release|Any CPU
		{5FAD694E-26DE-4CEC-BD99-28D53C201070}.Release|Any CPU.Build.0 = Release|Any CPU
	EndGlobalSection
	GlobalSection(SolutionProperties) = preSolution
		HideSolutionNode = FALSE
	EndGlobalSection
	GlobalSection(ExtensibilityGlobals) = postSolution
		SolutionGuid = {5D8C920A-D1BB-4DE1-A76F-CCDE4A12769D}
	EndGlobalSection
EndGlobal
